// !$*UTF8*$!
{
	archiveVersion = 1;
	classes = {
	};
	objectVersion = 56;
	objects = {

/* Begin PBXBuildFile section */
		FA3E5CB72C7C327900DC8334 /* MyNotesApp.swift in Sources */ = {isa = PBXBuildFile; fileRef = FA3E5CB62C7C327900DC8334 /* MyNotesApp.swift */; };
		FA3E5CB92C7C327900DC8334 /* ContentView.swift in Sources */ = {isa = PBXBuildFile; fileRef = FA3E5CB82C7C327900DC8334 /* ContentView.swift */; };
		FA3E5CBB2C7C328000DC8334 /* Assets.xcassets in Resources */ = {isa = PBXBuildFile; fileRef = FA3E5CBA2C7C328000DC8334 /* Assets.xcassets */; };
		FA3E5CBE2C7C328000DC8334 /* Preview Assets.xcassets in Resources */ = {isa = PBXBuildFile; fileRef = FA3E5CBD2C7C328000DC8334 /* Preview Assets.xcassets */; };
		FA3E5CC82C7C328100DC8334 /* MyNotesTests.swift in Sources */ = {isa = PBXBuildFile; fileRef = FA3E5CC72C7C328100DC8334 /* MyNotesTests.swift */; };
		FA3E5CD22C7C328100DC8334 /* MyNotesUITests.swift in Sources */ = {isa = PBXBuildFile; fileRef = FA3E5CD12C7C328100DC8334 /* MyNotesUITests.swift */; };
		FA3E5CD42C7C328100DC8334 /* MyNotesUITestsLaunchTests.swift in Sources */ = {isa = PBXBuildFile; fileRef = FA3E5CD32C7C328100DC8334 /* MyNotesUITestsLaunchTests.swift */; };
		FA3E5CE42C7C775A00DC8334 /* NotesList.swift in Sources */ = {isa = PBXBuildFile; fileRef = FA3E5CE32C7C775A00DC8334 /* NotesList.swift */; };
		FA3E5CE62C7C77CB00DC8334 /* NotesItem.swift in Sources */ = {isa = PBXBuildFile; fileRef = FA3E5CE52C7C77CB00DC8334 /* NotesItem.swift */; };
		FA3E5CE82C7C85B900DC8334 /* NotesLabelList.swift in Sources */ = {isa = PBXBuildFile; fileRef = FA3E5CE72C7C85B900DC8334 /* NotesLabelList.swift */; };
		FA3E5CEA2C7C863A00DC8334 /* NotesLabelItem.swift in Sources */ = {isa = PBXBuildFile; fileRef = FA3E5CE92C7C863A00DC8334 /* NotesLabelItem.swift */; };
		FA3E5CEC2C7C8C1400DC8334 /* Notes.swift in Sources */ = {isa = PBXBuildFile; fileRef = FA3E5CEB2C7C8C1400DC8334 /* Notes.swift */; };
		FA3E5CEE2C7CA21B00DC8334 /* LabelSheet.swift in Sources */ = {isa = PBXBuildFile; fileRef = FA3E5CED2C7CA21B00DC8334 /* LabelSheet.swift */; };
		FA3E5CF22C7D6C2A00DC8334 /* NotesViewModel.swift in Sources */ = {isa = PBXBuildFile; fileRef = FA3E5CF12C7D6C2A00DC8334 /* NotesViewModel.swift */; };
		FA3E5CF42C7D6C5D00DC8334 /* NoLabelsView.swift in Sources */ = {isa = PBXBuildFile; fileRef = FA3E5CF32C7D6C5D00DC8334 /* NoLabelsView.swift */; };
		FA3E5CF82C7E5BD100DC8334 /* NotesMock.json in Sources */ = {isa = PBXBuildFile; fileRef = FA3E5CF72C7E5BD100DC8334 /* NotesMock.json */; };
/* End PBXBuildFile section */

/* Begin PBXContainerItemProxy section */
		FA3E5CC42C7C328100DC8334 /* PBXContainerItemProxy */ = {
			isa = PBXContainerItemProxy;
			containerPortal = FA3E5CAB2C7C327800DC8334 /* Project object */;
			proxyType = 1;
			remoteGlobalIDString = FA3E5CB22C7C327900DC8334;
			remoteInfo = MyNotes;
		};
		FA3E5CCE2C7C328100DC8334 /* PBXContainerItemProxy */ = {
			isa = PBXContainerItemProxy;
			containerPortal = FA3E5CAB2C7C327800DC8334 /* Project object */;
			proxyType = 1;
			remoteGlobalIDString = FA3E5CB22C7C327900DC8334;
			remoteInfo = MyNotes;
		};
/* End PBXContainerItemProxy section */

/* Begin PBXFileReference section */
		FA3E5CB32C7C327900DC8334 /* MyNotes.app */ = {isa = PBXFileReference; explicitFileType = wrapper.application; includeInIndex = 0; path = MyNotes.app; sourceTree = BUILT_PRODUCTS_DIR; };
		FA3E5CB62C7C327900DC8334 /* MyNotesApp.swift */ = {isa = PBXFileReference; lastKnownFileType = sourcecode.swift; path = MyNotesApp.swift; sourceTree = "<group>"; };
		FA3E5CB82C7C327900DC8334 /* ContentView.swift */ = {isa = PBXFileReference; lastKnownFileType = sourcecode.swift; path = ContentView.swift; sourceTree = "<group>"; };
		FA3E5CBA2C7C328000DC8334 /* Assets.xcassets */ = {isa = PBXFileReference; lastKnownFileType = folder.assetcatalog; path = Assets.xcassets; sourceTree = "<group>"; };
		FA3E5CBD2C7C328000DC8334 /* Preview Assets.xcassets */ = {isa = PBXFileReference; lastKnownFileType = folder.assetcatalog; path = "Preview Assets.xcassets"; sourceTree = "<group>"; };
		FA3E5CC32C7C328100DC8334 /* MyNotesTests.xctest */ = {isa = PBXFileReference; explicitFileType = wrapper.cfbundle; includeInIndex = 0; path = MyNotesTests.xctest; sourceTree = BUILT_PRODUCTS_DIR; };
		FA3E5CC72C7C328100DC8334 /* MyNotesTests.swift */ = {isa = PBXFileReference; lastKnownFileType = sourcecode.swift; path = MyNotesTests.swift; sourceTree = "<group>"; };
		FA3E5CCD2C7C328100DC8334 /* MyNotesUITests.xctest */ = {isa = PBXFileReference; explicitFileType = wrapper.cfbundle; includeInIndex = 0; path = MyNotesUITests.xctest; sourceTree = BUILT_PRODUCTS_DIR; };
		FA3E5CD12C7C328100DC8334 /* MyNotesUITests.swift */ = {isa = PBXFileReference; lastKnownFileType = sourcecode.swift; path = MyNotesUITests.swift; sourceTree = "<group>"; };
		FA3E5CD32C7C328100DC8334 /* MyNotesUITestsLaunchTests.swift */ = {isa = PBXFileReference; lastKnownFileType = sourcecode.swift; path = MyNotesUITestsLaunchTests.swift; sourceTree = "<group>"; };
		FA3E5CE32C7C775A00DC8334 /* NotesList.swift */ = {isa = PBXFileReference; lastKnownFileType = sourcecode.swift; path = NotesList.swift; sourceTree = "<group>"; };
		FA3E5CE52C7C77CB00DC8334 /* NotesItem.swift */ = {isa = PBXFileReference; lastKnownFileType = sourcecode.swift; path = NotesItem.swift; sourceTree = "<group>"; };
		FA3E5CE72C7C85B900DC8334 /* NotesLabelList.swift */ = {isa = PBXFileReference; lastKnownFileType = sourcecode.swift; path = NotesLabelList.swift; sourceTree = "<group>"; };
		FA3E5CE92C7C863A00DC8334 /* NotesLabelItem.swift */ = {isa = PBXFileReference; lastKnownFileType = sourcecode.swift; path = NotesLabelItem.swift; sourceTree = "<group>"; };
		FA3E5CEB2C7C8C1400DC8334 /* Notes.swift */ = {isa = PBXFileReference; lastKnownFileType = sourcecode.swift; path = Notes.swift; sourceTree = "<group>"; };
		FA3E5CED2C7CA21B00DC8334 /* LabelSheet.swift */ = {isa = PBXFileReference; lastKnownFileType = sourcecode.swift; path = LabelSheet.swift; sourceTree = "<group>"; };
		FA3E5CF12C7D6C2A00DC8334 /* NotesViewModel.swift */ = {isa = PBXFileReference; lastKnownFileType = sourcecode.swift; path = NotesViewModel.swift; sourceTree = "<group>"; };
		FA3E5CF32C7D6C5D00DC8334 /* NoLabelsView.swift */ = {isa = PBXFileReference; lastKnownFileType = sourcecode.swift; path = NoLabelsView.swift; sourceTree = "<group>"; };
		FA3E5CF52C7DE60500DC8334 /* mockNotes.json */ = {isa = PBXFileReference; lastKnownFileType = text.json; path = mockNotes.json; sourceTree = "<group>"; };
		FA3E5CF72C7E5BD100DC8334 /* NotesMock.json */ = {isa = PBXFileReference; lastKnownFileType = text.json; path = NotesMock.json; sourceTree = "<group>"; };
/* End PBXFileReference section */

/* Begin PBXFrameworksBuildPhase section */
		FA3E5CB02C7C327900DC8334 /* Frameworks */ = {
			isa = PBXFrameworksBuildPhase;
			buildActionMask = 2147483647;
			files = (
			);
			runOnlyForDeploymentPostprocessing = 0;
		};
		FA3E5CC02C7C328100DC8334 /* Frameworks */ = {
			isa = PBXFrameworksBuildPhase;
			buildActionMask = 2147483647;
			files = (
			);
			runOnlyForDeploymentPostprocessing = 0;
		};
		FA3E5CCA2C7C328100DC8334 /* Frameworks */ = {
			isa = PBXFrameworksBuildPhase;
			buildActionMask = 2147483647;
			files = (
			);
			runOnlyForDeploymentPostprocessing = 0;
		};
/* End PBXFrameworksBuildPhase section */

/* Begin PBXGroup section */
		FA3E5CAA2C7C327800DC8334 = {
			isa = PBXGroup;
			children = (
				FA3E5CB52C7C327900DC8334 /* MyNotes */,
				FA3E5CC62C7C328100DC8334 /* MyNotesTests */,
				FA3E5CD02C7C328100DC8334 /* MyNotesUITests */,
				FA3E5CB42C7C327900DC8334 /* Products */,
			);
			sourceTree = "<group>";
		};
		FA3E5CB42C7C327900DC8334 /* Products */ = {
			isa = PBXGroup;
			children = (
				FA3E5CB32C7C327900DC8334 /* MyNotes.app */,
				FA3E5CC32C7C328100DC8334 /* MyNotesTests.xctest */,
				FA3E5CCD2C7C328100DC8334 /* MyNotesUITests.xctest */,
			);
			name = Products;
			sourceTree = "<group>";
		};
		FA3E5CB52C7C327900DC8334 /* MyNotes */ = {
			isa = PBXGroup;
			children = (
				FA3E5CF62C7E46D600DC8334 /* DataLayer */,
				FA3E5CF52C7DE60500DC8334 /* mockNotes.json */,
				FA3E5CE22C7C329A00DC8334 /* ViewModel */,
				FA3E5CE12C7C329200DC8334 /* Views */,
				FA3E5CE02C7C328B00DC8334 /* Model */,
				FA3E5CB62C7C327900DC8334 /* MyNotesApp.swift */,
				FA3E5CB82C7C327900DC8334 /* ContentView.swift */,
				FA3E5CBA2C7C328000DC8334 /* Assets.xcassets */,
				FA3E5CBC2C7C328000DC8334 /* Preview Content */,
				FA3E5CF72C7E5BD100DC8334 /* NotesMock.json */,
			);
			path = MyNotes;
			sourceTree = "<group>";
		};
		FA3E5CBC2C7C328000DC8334 /* Preview Content */ = {
			isa = PBXGroup;
			children = (
				FA3E5CBD2C7C328000DC8334 /* Preview Assets.xcassets */,
			);
			path = "Preview Content";
			sourceTree = "<group>";
		};
		FA3E5CC62C7C328100DC8334 /* MyNotesTests */ = {
			isa = PBXGroup;
			children = (
				FA3E5CC72C7C328100DC8334 /* MyNotesTests.swift */,
			);
			path = MyNotesTests;
			sourceTree = "<group>";
		};
		FA3E5CD02C7C328100DC8334 /* MyNotesUITests */ = {
			isa = PBXGroup;
			children = (
				FA3E5CD12C7C328100DC8334 /* MyNotesUITests.swift */,
				FA3E5CD32C7C328100DC8334 /* MyNotesUITestsLaunchTests.swift */,
			);
			path = MyNotesUITests;
			sourceTree = "<group>";
		};
		FA3E5CE02C7C328B00DC8334 /* Model */ = {
			isa = PBXGroup;
			children = (
				FA3E5CEB2C7C8C1400DC8334 /* Notes.swift */,
			);
			path = Model;
			sourceTree = "<group>";
		};
		FA3E5CE12C7C329200DC8334 /* Views */ = {
			isa = PBXGroup;
			children = (
				FA3E5CE32C7C775A00DC8334 /* NotesList.swift */,
				FA3E5CE52C7C77CB00DC8334 /* NotesItem.swift */,
				FA3E5CE72C7C85B900DC8334 /* NotesLabelList.swift */,
				FA3E5CE92C7C863A00DC8334 /* NotesLabelItem.swift */,
				FA3E5CED2C7CA21B00DC8334 /* LabelSheet.swift */,
				FA3E5CF32C7D6C5D00DC8334 /* NoLabelsView.swift */,
			);
			path = Views;
			sourceTree = "<group>";
		};
		FA3E5CE22C7C329A00DC8334 /* ViewModel */ = {
			isa = PBXGroup;
			children = (
				FA3E5CF12C7D6C2A00DC8334 /* NotesViewModel.swift */,
			);
			path = ViewModel;
			sourceTree = "<group>";
		};
		FA3E5CF62C7E46D600DC8334 /* DataLayer */ = {
			isa = PBXGroup;
			children = (
			);
			path = DataLayer;
			sourceTree = "<group>";
		};
/* End PBXGroup section */

/* Begin PBXNativeTarget section */
		FA3E5CB22C7C327900DC8334 /* MyNotes */ = {
			isa = PBXNativeTarget;
			buildConfigurationList = FA3E5CD72C7C328100DC8334 /* Build configuration list for PBXNativeTarget "MyNotes" */;
			buildPhases = (
				FA3E5CAF2C7C327900DC8334 /* Sources */,
				FA3E5CB02C7C327900DC8334 /* Frameworks */,
				FA3E5CB12C7C327900DC8334 /* Resources */,
			);
			buildRules = (
			);
			dependencies = (
			);
			name = MyNotes;
			productName = MyNotes;
			productReference = FA3E5CB32C7C327900DC8334 /* MyNotes.app */;
			productType = "com.apple.product-type.application";
		};
		FA3E5CC22C7C328100DC8334 /* MyNotesTests */ = {
			isa = PBXNativeTarget;
			buildConfigurationList = FA3E5CDA2C7C328100DC8334 /* Build configuration list for PBXNativeTarget "MyNotesTests" */;
			buildPhases = (
				FA3E5CBF2C7C328100DC8334 /* Sources */,
				FA3E5CC02C7C328100DC8334 /* Frameworks */,
				FA3E5CC12C7C328100DC8334 /* Resources */,
			);
			buildRules = (
			);
			dependencies = (
				FA3E5CC52C7C328100DC8334 /* PBXTargetDependency */,
			);
			name = MyNotesTests;
			productName = MyNotesTests;
			productReference = FA3E5CC32C7C328100DC8334 /* MyNotesTests.xctest */;
			productType = "com.apple.product-type.bundle.unit-test";
		};
		FA3E5CCC2C7C328100DC8334 /* MyNotesUITests */ = {
			isa = PBXNativeTarget;
			buildConfigurationList = FA3E5CDD2C7C328100DC8334 /* Build configuration list for PBXNativeTarget "MyNotesUITests" */;
			buildPhases = (
				FA3E5CC92C7C328100DC8334 /* Sources */,
				FA3E5CCA2C7C328100DC8334 /* Frameworks */,
				FA3E5CCB2C7C328100DC8334 /* Resources */,
			);
			buildRules = (
			);
			dependencies = (
				FA3E5CCF2C7C328100DC8334 /* PBXTargetDependency */,
			);
			name = MyNotesUITests;
			productName = MyNotesUITests;
			productReference = FA3E5CCD2C7C328100DC8334 /* MyNotesUITests.xctest */;
			productType = "com.apple.product-type.bundle.ui-testing";
		};
/* End PBXNativeTarget section */

/* Begin PBXProject section */
		FA3E5CAB2C7C327800DC8334 /* Project object */ = {
			isa = PBXProject;
			attributes = {
				BuildIndependentTargetsInParallel = 1;
				LastSwiftUpdateCheck = 1420;
				LastUpgradeCheck = 1420;
				TargetAttributes = {
					FA3E5CB22C7C327900DC8334 = {
						CreatedOnToolsVersion = 14.2;
					};
					FA3E5CC22C7C328100DC8334 = {
						CreatedOnToolsVersion = 14.2;
						TestTargetID = FA3E5CB22C7C327900DC8334;
					};
					FA3E5CCC2C7C328100DC8334 = {
						CreatedOnToolsVersion = 14.2;
						TestTargetID = FA3E5CB22C7C327900DC8334;
					};
				};
			};
			buildConfigurationList = FA3E5CAE2C7C327800DC8334 /* Build configuration list for PBXProject "MyNotes" */;
			compatibilityVersion = "Xcode 14.0";
			developmentRegion = en;
			hasScannedForEncodings = 0;
			knownRegions = (
				en,
				Base,
			);
			mainGroup = FA3E5CAA2C7C327800DC8334;
			productRefGroup = FA3E5CB42C7C327900DC8334 /* Products */;
			projectDirPath = "";
			projectRoot = "";
			targets = (
				FA3E5CB22C7C327900DC8334 /* MyNotes */,
				FA3E5CC22C7C328100DC8334 /* MyNotesTests */,
				FA3E5CCC2C7C328100DC8334 /* MyNotesUITests */,
			);
		};
/* End PBXProject section */

/* Begin PBXResourcesBuildPhase section */
		FA3E5CB12C7C327900DC8334 /* Resources */ = {
			isa = PBXResourcesBuildPhase;
			buildActionMask = 2147483647;
			files = (
				FA3E5CBE2C7C328000DC8334 /* Preview Assets.xcassets in Resources */,
				FA3E5CBB2C7C328000DC8334 /* Assets.xcassets in Resources */,
			);
			runOnlyForDeploymentPostprocessing = 0;
		};
		FA3E5CC12C7C328100DC8334 /* Resources */ = {
			isa = PBXResourcesBuildPhase;
			buildActionMask = 2147483647;
			files = (
			);
			runOnlyForDeploymentPostprocessing = 0;
		};
		FA3E5CCB2C7C328100DC8334 /* Resources */ = {
			isa = PBXResourcesBuildPhase;
			buildActionMask = 2147483647;
			files = (
			);
			runOnlyForDeploymentPostprocessing = 0;
		};
/* End PBXResourcesBuildPhase section */

/* Begin PBXSourcesBuildPhase section */
		FA3E5CAF2C7C327900DC8334 /* Sources */ = {
			isa = PBXSourcesBuildPhase;
			buildActionMask = 2147483647;
			files = (
				FA3E5CEC2C7C8C1400DC8334 /* Notes.swift in Sources */,
				FA3E5CB92C7C327900DC8334 /* ContentView.swift in Sources */,
				FA3E5CEA2C7C863A00DC8334 /* NotesLabelItem.swift in Sources */,
				FA3E5CE42C7C775A00DC8334 /* NotesList.swift in Sources */,
				FA3E5CEE2C7CA21B00DC8334 /* LabelSheet.swift in Sources */,
				FA3E5CB72C7C327900DC8334 /* MyNotesApp.swift in Sources */,
				FA3E5CF82C7E5BD100DC8334 /* NotesMock.json in Sources */,
				FA3E5CF42C7D6C5D00DC8334 /* NoLabelsView.swift in Sources */,
				FA3E5CF22C7D6C2A00DC8334 /* NotesViewModel.swift in Sources */,
				FA3E5CE62C7C77CB00DC8334 /* NotesItem.swift in Sources */,
				FA3E5CE82C7C85B900DC8334 /* NotesLabelList.swift in Sources */,
			);
			runOnlyForDeploymentPostprocessing = 0;
		};
		FA3E5CBF2C7C328100DC8334 /* Sources */ = {
			isa = PBXSourcesBuildPhase;
			buildActionMask = 2147483647;
			files = (
				FA3E5CC82C7C328100DC8334 /* MyNotesTests.swift in Sources */,
			);
			runOnlyForDeploymentPostprocessing = 0;
		};
		FA3E5CC92C7C328100DC8334 /* Sources */ = {
			isa = PBXSourcesBuildPhase;
			buildActionMask = 2147483647;
			files = (
				FA3E5CD42C7C328100DC8334 /* MyNotesUITestsLaunchTests.swift in Sources */,
				FA3E5CD22C7C328100DC8334 /* MyNotesUITests.swift in Sources */,
			);
			runOnlyForDeploymentPostprocessing = 0;
		};
/* End PBXSourcesBuildPhase section */

/* Begin PBXTargetDependency section */
		FA3E5CC52C7C328100DC8334 /* PBXTargetDependency */ = {
			isa = PBXTargetDependency;
			target = FA3E5CB22C7C327900DC8334 /* MyNotes */;
			targetProxy = FA3E5CC42C7C328100DC8334 /* PBXContainerItemProxy */;
		};
		FA3E5CCF2C7C328100DC8334 /* PBXTargetDependency */ = {
			isa = PBXTargetDependency;
			target = FA3E5CB22C7C327900DC8334 /* MyNotes */;
			targetProxy = FA3E5CCE2C7C328100DC8334 /* PBXContainerItemProxy */;
		};
/* End PBXTargetDependency section */

/* Begin XCBuildConfiguration section */
		FA3E5CD52C7C328100DC8334 /* Debug */ = {
			isa = XCBuildConfiguration;
			buildSettings = {
				ALWAYS_SEARCH_USER_PATHS = NO;
				CLANG_ANALYZER_NONNULL = YES;
				CLANG_ANALYZER_NUMBER_OBJECT_CONVERSION = YES_AGGRESSIVE;
				CLANG_CXX_LANGUAGE_STANDARD = "gnu++20";
				CLANG_ENABLE_MODULES = YES;
				CLANG_ENABLE_OBJC_ARC = YES;
				CLANG_ENABLE_OBJC_WEAK = YES;
				CLANG_WARN_BLOCK_CAPTURE_AUTORELEASING = YES;
				CLANG_WARN_BOOL_CONVERSION = YES;
				CLANG_WARN_COMMA = YES;
				CLANG_WARN_CONSTANT_CONVERSION = YES;
				CLANG_WARN_DEPRECATED_OBJC_IMPLEMENTATIONS = YES;
				CLANG_WARN_DIRECT_OBJC_ISA_USAGE = YES_ERROR;
				CLANG_WARN_DOCUMENTATION_COMMENTS = YES;
				CLANG_WARN_EMPTY_BODY = YES;
				CLANG_WARN_ENUM_CONVERSION = YES;
				CLANG_WARN_INFINITE_RECURSION = YES;
				CLANG_WARN_INT_CONVERSION = YES;
				CLANG_WARN_NON_LITERAL_NULL_CONVERSION = YES;
				CLANG_WARN_OBJC_IMPLICIT_RETAIN_SELF = YES;
				CLANG_WARN_OBJC_LITERAL_CONVERSION = YES;
				CLANG_WARN_OBJC_ROOT_CLASS = YES_ERROR;
				CLANG_WARN_QUOTED_INCLUDE_IN_FRAMEWORK_HEADER = YES;
				CLANG_WARN_RANGE_LOOP_ANALYSIS = YES;
				CLANG_WARN_STRICT_PROTOTYPES = YES;
				CLANG_WARN_SUSPICIOUS_MOVE = YES;
				CLANG_WARN_UNGUARDED_AVAILABILITY = YES_AGGRESSIVE;
				CLANG_WARN_UNREACHABLE_CODE = YES;
				CLANG_WARN__DUPLICATE_METHOD_MATCH = YES;
				COPY_PHASE_STRIP = NO;
				DEBUG_INFORMATION_FORMAT = dwarf;
				ENABLE_STRICT_OBJC_MSGSEND = YES;
				ENABLE_TESTABILITY = YES;
				GCC_C_LANGUAGE_STANDARD = gnu11;
				GCC_DYNAMIC_NO_PIC = NO;
				GCC_NO_COMMON_BLOCKS = YES;
				GCC_OPTIMIZATION_LEVEL = 0;
				GCC_PREPROCESSOR_DEFINITIONS = (
					"DEBUG=1",
					"$(inherited)",
				);
				GCC_WARN_64_TO_32_BIT_CONVERSION = YES;
				GCC_WARN_ABOUT_RETURN_TYPE = YES_ERROR;
				GCC_WARN_UNDECLARED_SELECTOR = YES;
				GCC_WARN_UNINITIALIZED_AUTOS = YES_AGGRESSIVE;
				GCC_WARN_UNUSED_FUNCTION = YES;
				GCC_WARN_UNUSED_VARIABLE = YES;
				IPHONEOS_DEPLOYMENT_TARGET = 16.2;
				MTL_ENABLE_DEBUG_INFO = INCLUDE_SOURCE;
				MTL_FAST_MATH = YES;
				ONLY_ACTIVE_ARCH = YES;
				SDKROOT = iphoneos;
				SWIFT_ACTIVE_COMPILATION_CONDITIONS = DEBUG;
				SWIFT_OPTIMIZATION_LEVEL = "-Onone";
			};
			name = Debug;
		};
		FA3E5CD62C7C328100DC8334 /* Release */ = {
			isa = XCBuildConfiguration;
			buildSettings = {
				ALWAYS_SEARCH_USER_PATHS = NO;
				CLANG_ANALYZER_NONNULL = YES;
				CLANG_ANALYZER_NUMBER_OBJECT_CONVERSION = YES_AGGRESSIVE;
				CLANG_CXX_LANGUAGE_STANDARD = "gnu++20";
				CLANG_ENABLE_MODULES = YES;
				CLANG_ENABLE_OBJC_ARC = YES;
				CLANG_ENABLE_OBJC_WEAK = YES;
				CLANG_WARN_BLOCK_CAPTURE_AUTORELEASING = YES;
				CLANG_WARN_BOOL_CONVERSION = YES;
				CLANG_WARN_COMMA = YES;
				CLANG_WARN_CONSTANT_CONVERSION = YES;
				CLANG_WARN_DEPRECATED_OBJC_IMPLEMENTATIONS = YES;
				CLANG_WARN_DIRECT_OBJC_ISA_USAGE = YES_ERROR;
				CLANG_WARN_DOCUMENTATION_COMMENTS = YES;
				CLANG_WARN_EMPTY_BODY = YES;
				CLANG_WARN_ENUM_CONVERSION = YES;
				CLANG_WARN_INFINITE_RECURSION = YES;
				CLANG_WARN_INT_CONVERSION = YES;
				CLANG_WARN_NON_LITERAL_NULL_CONVERSION = YES;
				CLANG_WARN_OBJC_IMPLICIT_RETAIN_SELF = YES;
				CLANG_WARN_OBJC_LITERAL_CONVERSION = YES;
				CLANG_WARN_OBJC_ROOT_CLASS = YES_ERROR;
				CLANG_WARN_QUOTED_INCLUDE_IN_FRAMEWORK_HEADER = YES;
				CLANG_WARN_RANGE_LOOP_ANALYSIS = YES;
				CLANG_WARN_STRICT_PROTOTYPES = YES;
				CLANG_WARN_SUSPICIOUS_MOVE = YES;
				CLANG_WARN_UNGUARDED_AVAILABILITY = YES_AGGRESSIVE;
				CLANG_WARN_UNREACHABLE_CODE = YES;
				CLANG_WARN__DUPLICATE_METHOD_MATCH = YES;
				COPY_PHASE_STRIP = NO;
				DEBUG_INFORMATION_FORMAT = "dwarf-with-dsym";
				ENABLE_NS_ASSERTIONS = NO;
				ENABLE_STRICT_OBJC_MSGSEND = YES;
				GCC_C_LANGUAGE_STANDARD = gnu11;
				GCC_NO_COMMON_BLOCKS = YES;
				GCC_WARN_64_TO_32_BIT_CONVERSION = YES;
				GCC_WARN_ABOUT_RETURN_TYPE = YES_ERROR;
				GCC_WARN_UNDECLARED_SELECTOR = YES;
				GCC_WARN_UNINITIALIZED_AUTOS = YES_AGGRESSIVE;
				GCC_WARN_UNUSED_FUNCTION = YES;
				GCC_WARN_UNUSED_VARIABLE = YES;
				IPHONEOS_DEPLOYMENT_TARGET = 16.2;
				MTL_ENABLE_DEBUG_INFO = NO;
				MTL_FAST_MATH = YES;
				SDKROOT = iphoneos;
				SWIFT_COMPILATION_MODE = wholemodule;
				SWIFT_OPTIMIZATION_LEVEL = "-O";
				VALIDATE_PRODUCT = YES;
			};
			name = Release;
		};
		FA3E5CD82C7C328100DC8334 /* Debug */ = {
			isa = XCBuildConfiguration;
			buildSettings = {
				ASSETCATALOG_COMPILER_APPICON_NAME = AppIcon;
				ASSETCATALOG_COMPILER_GLOBAL_ACCENT_COLOR_NAME = AccentColor;
				CODE_SIGN_STYLE = Automatic;
				CURRENT_PROJECT_VERSION = 1;
				DEVELOPMENT_ASSET_PATHS = "\"MyNotes/Preview Content\"";
				DEVELOPMENT_TEAM = K8VA25MLHQ;
				ENABLE_PREVIEWS = YES;
				GENERATE_INFOPLIST_FILE = YES;
				INFOPLIST_KEY_UIApplicationSceneManifest_Generation = YES;
				INFOPLIST_KEY_UIApplicationSupportsIndirectInputEvents = YES;
				INFOPLIST_KEY_UILaunchScreen_Generation = YES;
				INFOPLIST_KEY_UISupportedInterfaceOrientations_iPad = "UIInterfaceOrientationPortrait UIInterfaceOrientationPortraitUpsideDown UIInterfaceOrientationLandscapeLeft UIInterfaceOrientationLandscapeRight";
				INFOPLIST_KEY_UISupportedInterfaceOrientations_iPhone = "UIInterfaceOrientationPortrait UIInterfaceOrientationLandscapeLeft UIInterfaceOrientationLandscapeRight";
				LD_RUNPATH_SEARCH_PATHS = (
					"$(inherited)",
					"@executable_path/Frameworks",
				);
				MARKETING_VERSION = 1.0;
				PRODUCT_BUNDLE_IDENTIFIER = com.lksb.com.MyNotes;
				PRODUCT_NAME = "$(TARGET_NAME)";
				SWIFT_EMIT_LOC_STRINGS = YES;
				SWIFT_VERSION = 5.0;
				TARGETED_DEVICE_FAMILY = "1,2";
			};
			name = Debug;
		};
		FA3E5CD92C7C328100DC8334 /* Release */ = {
			isa = XCBuildConfiguration;
			buildSettings = {
				ASSETCATALOG_COMPILER_APPICON_NAME = AppIcon;
				ASSETCATALOG_COMPILER_GLOBAL_ACCENT_COLOR_NAME = AccentColor;
				CODE_SIGN_STYLE = Automatic;
				CURRENT_PROJECT_VERSION = 1;
				DEVELOPMENT_ASSET_PATHS = "\"MyNotes/Preview Content\"";
				DEVELOPMENT_TEAM = K8VA25MLHQ;
				ENABLE_PREVIEWS = YES;
				GENERATE_INFOPLIST_FILE = YES;
				INFOPLIST_KEY_UIApplicationSceneManifest_Generation = YES;
				INFOPLIST_KEY_UIApplicationSupportsIndirectInputEvents = YES;
				INFOPLIST_KEY_UILaunchScreen_Generation = YES;
				INFOPLIST_KEY_UISupportedInterfaceOrientations_iPad = "UIInterfaceOrientationPortrait UIInterfaceOrientationPortraitUpsideDown UIInterfaceOrientationLandscapeLeft UIInterfaceOrientationLandscapeRight";
				INFOPLIST_KEY_UISupportedInterfaceOrientations_iPhone = "UIInterfaceOrientationPortrait UIInterfaceOrientationLandscapeLeft UIInterfaceOrientationLandscapeRight";
				LD_RUNPATH_SEARCH_PATHS = (
					"$(inherited)",
					"@executable_path/Frameworks",
				);
				MARKETING_VERSION = 1.0;
				PRODUCT_BUNDLE_IDENTIFIER = com.lksb.com.MyNotes;
				PRODUCT_NAME = "$(TARGET_NAME)";
				SWIFT_EMIT_LOC_STRINGS = YES;
				SWIFT_VERSION = 5.0;
				TARGETED_DEVICE_FAMILY = "1,2";
			};
			name = Release;
		};
		FA3E5CDB2C7C328100DC8334 /* Debug */ = {
			isa = XCBuildConfiguration;
			buildSettings = {
				ALWAYS_EMBED_SWIFT_STANDARD_LIBRARIES = YES;
				BUNDLE_LOADER = "$(TEST_HOST)";
				CODE_SIGN_STYLE = Automatic;
				CURRENT_PROJECT_VERSION = 1;
				DEVELOPMENT_TEAM = K8VA25MLHQ;
				GENERATE_INFOPLIST_FILE = YES;
				IPHONEOS_DEPLOYMENT_TARGET = 16.2;
				MARKETING_VERSION = 1.0;
				PRODUCT_BUNDLE_IDENTIFIER = com.lksb.com.MyNotesTests;
				PRODUCT_NAME = "$(TARGET_NAME)";
				SWIFT_EMIT_LOC_STRINGS = NO;
				SWIFT_VERSION = 5.0;
				TARGETED_DEVICE_FAMILY = "1,2";
				TEST_HOST = "$(BUILT_PRODUCTS_DIR)/MyNotes.app/$(BUNDLE_EXECUTABLE_FOLDER_PATH)/MyNotes";
			};
			name = Debug;
		};
		FA3E5CDC2C7C328100DC8334 /* Release */ = {
			isa = XCBuildConfiguration;
			buildSettings = {
				ALWAYS_EMBED_SWIFT_STANDARD_LIBRARIES = YES;
				BUNDLE_LOADER = "$(TEST_HOST)";
				CODE_SIGN_STYLE = Automatic;
				CURRENT_PROJECT_VERSION = 1;
				DEVELOPMENT_TEAM = K8VA25MLHQ;
				GENERATE_INFOPLIST_FILE = YES;
				IPHONEOS_DEPLOYMENT_TARGET = 16.2;
				MARKETING_VERSION = 1.0;
				PRODUCT_BUNDLE_IDENTIFIER = com.lksb.com.MyNotesTests;
				PRODUCT_NAME = "$(TARGET_NAME)";
				SWIFT_EMIT_LOC_STRINGS = NO;
				SWIFT_VERSION = 5.0;
				TARGETED_DEVICE_FAMILY = "1,2";
				TEST_HOST = "$(BUILT_PRODUCTS_DIR)/MyNotes.app/$(BUNDLE_EXECUTABLE_FOLDER_PATH)/MyNotes";
			};
			name = Release;
		};
		FA3E5CDE2C7C328100DC8334 /* Debug */ = {
			isa = XCBuildConfiguration;
			buildSettings = {
				ALWAYS_EMBED_SWIFT_STANDARD_LIBRARIES = YES;
				CODE_SIGN_STYLE = Automatic;
				CURRENT_PROJECT_VERSION = 1;
				DEVELOPMENT_TEAM = K8VA25MLHQ;
				GENERATE_INFOPLIST_FILE = YES;
				MARKETING_VERSION = 1.0;
				PRODUCT_BUNDLE_IDENTIFIER = com.lksb.com.MyNotesUITests;
				PRODUCT_NAME = "$(TARGET_NAME)";
				SWIFT_EMIT_LOC_STRINGS = NO;
				SWIFT_VERSION = 5.0;
				TARGETED_DEVICE_FAMILY = "1,2";
				TEST_TARGET_NAME = MyNotes;
			};
			name = Debug;
		};
		FA3E5CDF2C7C328100DC8334 /* Release */ = {
			isa = XCBuildConfiguration;
			buildSettings = {
				ALWAYS_EMBED_SWIFT_STANDARD_LIBRARIES = YES;
				CODE_SIGN_STYLE = Automatic;
				CURRENT_PROJECT_VERSION = 1;
				DEVELOPMENT_TEAM = K8VA25MLHQ;
				GENERATE_INFOPLIST_FILE = YES;
				MARKETING_VERSION = 1.0;
				PRODUCT_BUNDLE_IDENTIFIER = com.lksb.com.MyNotesUITests;
				PRODUCT_NAME = "$(TARGET_NAME)";
				SWIFT_EMIT_LOC_STRINGS = NO;
				SWIFT_VERSION = 5.0;
				TARGETED_DEVICE_FAMILY = "1,2";
				TEST_TARGET_NAME = MyNotes;
			};
			name = Release;
		};
/* End XCBuildConfiguration section */

/* Begin XCConfigurationList section */
		FA3E5CAE2C7C327800DC8334 /* Build configuration list for PBXProject "MyNotes" */ = {
			isa = XCConfigurationList;
			buildConfigurations = (
				FA3E5CD52C7C328100DC8334 /* Debug */,
				FA3E5CD62C7C328100DC8334 /* Release */,
			);
			defaultConfigurationIsVisible = 0;
			defaultConfigurationName = Release;
		};
		FA3E5CD72C7C328100DC8334 /* Build configuration list for PBXNativeTarget "MyNotes" */ = {
			isa = XCConfigurationList;
			buildConfigurations = (
				FA3E5CD82C7C328100DC8334 /* Debug */,
				FA3E5CD92C7C328100DC8334 /* Release */,
			);
			defaultConfigurationIsVisible = 0;
			defaultConfigurationName = Release;
		};
		FA3E5CDA2C7C328100DC8334 /* Build configuration list for PBXNativeTarget "MyNotesTests" */ = {
			isa = XCConfigurationList;
			buildConfigurations = (
				FA3E5CDB2C7C328100DC8334 /* Debug */,
				FA3E5CDC2C7C328100DC8334 /* Release */,
			);
			defaultConfigurationIsVisible = 0;
			defaultConfigurationName = Release;
		};
		FA3E5CDD2C7C328100DC8334 /* Build configuration list for PBXNativeTarget "MyNotesUITests" */ = {
			isa = XCConfigurationList;
			buildConfigurations = (
				FA3E5CDE2C7C328100DC8334 /* Debug */,
				FA3E5CDF2C7C328100DC8334 /* Release */,
			);
			defaultConfigurationIsVisible = 0;
			defaultConfigurationName = Release;
		};
/* End XCConfigurationList section */
	};
	rootObject = FA3E5CAB2C7C327800DC8334 /* Project object */;
}
